
Microsoft Visual Studio Solution File, Format Version 12.00
# Visual Studio Version 17
VisualStudioVersion = 17.7.34024.191
MinimumVisualStudioVersion = 10.0.40219.1
Project("{FAE04EC0-301F-11D3-BF4B-00C04F79EFBC}") = "TestWPFBeamPlugin", "TestWPFBeamPlugin\TestWPFBeamPlugin.csproj", "{3647C7DD-8FB8-4C28-AF89-76A2C88B0C32}"
EndProject
Global
	GlobalSection(SolutionConfigurationPlatforms) = preSolution
		Debug|Any CPU = Debug|Any CPU
		Release|Any CPU = Release|Any CPU
	EndGlobalSection
	GlobalSection(ProjectConfigurationPlatforms) = postSolution
		{3647C7DD-8FB8-4C28-AF89-76A2C88B0C32}.Debug|Any CPU.ActiveCfg = Debug|Any CPU
		{3647C7DD-8FB8-4C28-AF89-76A2C88B0C32}.Debug|Any CPU.Build.0 = Debug|Any CPU
		{3647C7DD-8FB8-4C28-AF89-76A2C88B0C32}.Release|Any CPU.ActiveCfg = Release|Any CPU
		{3647C7DD-8FB8-4C28-AF89-76A2C88B0C32}.Release|Any CPU.Build.0 = Release|Any CPU
	EndGlobalSection
	GlobalSection(SolutionProperties) = preSolution
		HideSolutionNode = FALSE
	EndGlobalSection
	GlobalSection(ExtensibilityGlobals) = postSolution
		SolutionGuid = {E6F3D717-016E-474B-9782-8FB908859EA1}
	EndGlobalSection
EndGlobal
